// !$*UTF8*$!
{
	archiveVersion = 1;
	classes = {
	};
	objectVersion = 46;
	objects = {

/* Begin PBXBuildFile section */
		31E5B6AADEC56FD7E8F9CBE6 /* libPods.a in Frameworks */ = {isa = PBXBuildFile; fileRef = B57B15E68C41ACDA26DA2F60 /* libPods.a */; };
		6750002C1B5BFE9700FC54D8 /* OnBoardViewController.swift in Sources */ = {isa = PBXBuildFile; fileRef = 6750002B1B5BFE9700FC54D8 /* OnBoardViewController.swift */; };
		6750002E1B5C08F900FC54D8 /* RootMenuContainerViewController.swift in Sources */ = {isa = PBXBuildFile; fileRef = 6750002D1B5C08F900FC54D8 /* RootMenuContainerViewController.swift */; };
		675000301B5C0A0F00FC54D8 /* LeftMenuViewController.swift in Sources */ = {isa = PBXBuildFile; fileRef = 6750002F1B5C0A0F00FC54D8 /* LeftMenuViewController.swift */; };
		675000321B5C0C0000FC54D8 /* ViewController.swift in Sources */ = {isa = PBXBuildFile; fileRef = 675000311B5C0C0000FC54D8 /* ViewController.swift */; };
		6794F1821B5D8B13003EF74F /* UserProfileMenuCell.xib in Resources */ = {isa = PBXBuildFile; fileRef = 6794F1811B5D8B13003EF74F /* UserProfileMenuCell.xib */; };
		6794F1841B5D90F8003EF74F /* OptionMenuCell.xib in Resources */ = {isa = PBXBuildFile; fileRef = 6794F1831B5D90F8003EF74F /* OptionMenuCell.xib */; };
		6794F1871B5D9361003EF74F /* OptionMenuCell.swift in Sources */ = {isa = PBXBuildFile; fileRef = 6794F1861B5D9361003EF74F /* OptionMenuCell.swift */; };
		6794F1891B5D969D003EF74F /* CellIdentifiers.swift in Sources */ = {isa = PBXBuildFile; fileRef = 6794F1881B5D969D003EF74F /* CellIdentifiers.swift */; };
		6794F18B1B5D97AC003EF74F /* UserProfileMenuCell.swift in Sources */ = {isa = PBXBuildFile; fileRef = 6794F18A1B5D97AC003EF74F /* UserProfileMenuCell.swift */; };
		6796CBD01B551BB300D76FA2 /* ViewControllerIdentifiers.swift in Sources */ = {isa = PBXBuildFile; fileRef = 6796CBCF1B551BB300D76FA2 /* ViewControllerIdentifiers.swift */; };
		6796CBD31B551CE000D76FA2 /* View.swift in Sources */ = {isa = PBXBuildFile; fileRef = 6796CBD21B551CE000D76FA2 /* View.swift */; };
		6796CBD51B551F5600D76FA2 /* SignUpViewController.swift in Sources */ = {isa = PBXBuildFile; fileRef = 6796CBD41B551F5600D76FA2 /* SignUpViewController.swift */; };
		6796CBD71B55206E00D76FA2 /* SegueIdentifiers.swift in Sources */ = {isa = PBXBuildFile; fileRef = 6796CBD61B55206E00D76FA2 /* SegueIdentifiers.swift */; };
		6796CBDA1B55555F00D76FA2 /* Alamofire.swift in Sources */ = {isa = PBXBuildFile; fileRef = 6796CBD91B55555F00D76FA2 /* Alamofire.swift */; };
		6796CBDD1B55562F00D76FA2 /* ApiRequest.swift in Sources */ = {isa = PBXBuildFile; fileRef = 6796CBDC1B55562F00D76FA2 /* ApiRequest.swift */; };
		6796CBDF1B555B5300D76FA2 /* UserRequest.swift in Sources */ = {isa = PBXBuildFile; fileRef = 6796CBDE1B555B5300D76FA2 /* UserRequest.swift */; };
		6796CBE11B555DD700D76FA2 /* BodyParameters.swift in Sources */ = {isa = PBXBuildFile; fileRef = 6796CBE01B555DD700D76FA2 /* BodyParameters.swift */; };
		679CF4A41B54308200B20C09 /* Constants.swift in Sources */ = {isa = PBXBuildFile; fileRef = 679CF4A31B54308200B20C09 /* Constants.swift */; };
		679CF4A61B5430BA00B20C09 /* Util.swift in Sources */ = {isa = PBXBuildFile; fileRef = 679CF4A51B5430BA00B20C09 /* Util.swift */; };
		679CF4AB1B54358F00B20C09 /* Localizable.strings in Resources */ = {isa = PBXBuildFile; fileRef = 679CF4AD1B54358F00B20C09 /* Localizable.strings */; };
		679CF4B01B5436D200B20C09 /* HomeViewController.swift in Sources */ = {isa = PBXBuildFile; fileRef = 679CF4AF1B5436D200B20C09 /* HomeViewController.swift */; };
		67A9310B1B53E7A400D497B6 /* AppDelegate.swift in Sources */ = {isa = PBXBuildFile; fileRef = 67A9310A1B53E7A400D497B6 /* AppDelegate.swift */; };
		67A931101B53E7A400D497B6 /* Main.storyboard in Resources */ = {isa = PBXBuildFile; fileRef = 67A9310E1B53E7A400D497B6 /* Main.storyboard */; };
		67A931121B53E7A400D497B6 /* Images.xcassets in Resources */ = {isa = PBXBuildFile; fileRef = 67A931111B53E7A400D497B6 /* Images.xcassets */; };
		67A931151B53E7A400D497B6 /* LaunchScreen.xib in Resources */ = {isa = PBXBuildFile; fileRef = 67A931131B53E7A400D497B6 /* LaunchScreen.xib */; };
		67A931211B53E7A400D497B6 /* ShopmiumAppTests.swift in Sources */ = {isa = PBXBuildFile; fileRef = 67A931201B53E7A400D497B6 /* ShopmiumAppTests.swift */; };
		67B485E61B59428B0037F585 /* FormValidator.swift in Sources */ = {isa = PBXBuildFile; fileRef = 67B485E51B59428B0037F585 /* FormValidator.swift */; };
/* End PBXBuildFile section */

/* Begin PBXContainerItemProxy section */
		67A9311B1B53E7A400D497B6 /* PBXContainerItemProxy */ = {
			isa = PBXContainerItemProxy;
			containerPortal = 67A930FD1B53E7A400D497B6 /* Project object */;
			proxyType = 1;
			remoteGlobalIDString = 67A931041B53E7A400D497B6;
			remoteInfo = ShopmiumApp;
		};
/* End PBXContainerItemProxy section */

/* Begin PBXFileReference section */
		372E260517086C88CCF3479E /* Pods.debug.xcconfig */ = {isa = PBXFileReference; includeInIndex = 1; lastKnownFileType = text.xcconfig; name = Pods.debug.xcconfig; path = "Pods/Target Support Files/Pods/Pods.debug.xcconfig"; sourceTree = "<group>"; };
		485F25E62E53AFD9BD2ED26F /* Pods.release.xcconfig */ = {isa = PBXFileReference; includeInIndex = 1; lastKnownFileType = text.xcconfig; name = Pods.release.xcconfig; path = "Pods/Target Support Files/Pods/Pods.release.xcconfig"; sourceTree = "<group>"; };
		6750002B1B5BFE9700FC54D8 /* OnBoardViewController.swift */ = {isa = PBXFileReference; fileEncoding = 4; lastKnownFileType = sourcecode.swift; path = OnBoardViewController.swift; sourceTree = "<group>"; };
		6750002D1B5C08F900FC54D8 /* RootMenuContainerViewController.swift */ = {isa = PBXFileReference; fileEncoding = 4; lastKnownFileType = sourcecode.swift; path = RootMenuContainerViewController.swift; sourceTree = "<group>"; };
		6750002F1B5C0A0F00FC54D8 /* LeftMenuViewController.swift */ = {isa = PBXFileReference; fileEncoding = 4; lastKnownFileType = sourcecode.swift; path = LeftMenuViewController.swift; sourceTree = "<group>"; };
		675000311B5C0C0000FC54D8 /* ViewController.swift */ = {isa = PBXFileReference; fileEncoding = 4; lastKnownFileType = sourcecode.swift; path = ViewController.swift; sourceTree = "<group>"; };
		6794F1811B5D8B13003EF74F /* UserProfileMenuCell.xib */ = {isa = PBXFileReference; fileEncoding = 4; lastKnownFileType = file.xib; path = UserProfileMenuCell.xib; sourceTree = "<group>"; };
		6794F1831B5D90F8003EF74F /* OptionMenuCell.xib */ = {isa = PBXFileReference; fileEncoding = 4; lastKnownFileType = file.xib; path = OptionMenuCell.xib; sourceTree = "<group>"; };
		6794F1861B5D9361003EF74F /* OptionMenuCell.swift */ = {isa = PBXFileReference; fileEncoding = 4; lastKnownFileType = sourcecode.swift; path = OptionMenuCell.swift; sourceTree = "<group>"; };
		6794F1881B5D969D003EF74F /* CellIdentifiers.swift */ = {isa = PBXFileReference; fileEncoding = 4; lastKnownFileType = sourcecode.swift; path = CellIdentifiers.swift; sourceTree = "<group>"; };
		6794F18A1B5D97AC003EF74F /* UserProfileMenuCell.swift */ = {isa = PBXFileReference; fileEncoding = 4; lastKnownFileType = sourcecode.swift; path = UserProfileMenuCell.swift; sourceTree = "<group>"; };
		6796CBCF1B551BB300D76FA2 /* ViewControllerIdentifiers.swift */ = {isa = PBXFileReference; fileEncoding = 4; lastKnownFileType = sourcecode.swift; path = ViewControllerIdentifiers.swift; sourceTree = "<group>"; };
		6796CBD21B551CE000D76FA2 /* View.swift */ = {isa = PBXFileReference; fileEncoding = 4; lastKnownFileType = sourcecode.swift; path = View.swift; sourceTree = "<group>"; };
		6796CBD41B551F5600D76FA2 /* SignUpViewController.swift */ = {isa = PBXFileReference; fileEncoding = 4; lastKnownFileType = sourcecode.swift; path = SignUpViewController.swift; sourceTree = "<group>"; };
		6796CBD61B55206E00D76FA2 /* SegueIdentifiers.swift */ = {isa = PBXFileReference; fileEncoding = 4; lastKnownFileType = sourcecode.swift; path = SegueIdentifiers.swift; sourceTree = "<group>"; };
		6796CBD91B55555F00D76FA2 /* Alamofire.swift */ = {isa = PBXFileReference; fileEncoding = 4; lastKnownFileType = sourcecode.swift; path = Alamofire.swift; sourceTree = "<group>"; };
		6796CBDC1B55562F00D76FA2 /* ApiRequest.swift */ = {isa = PBXFileReference; fileEncoding = 4; lastKnownFileType = sourcecode.swift; path = ApiRequest.swift; sourceTree = "<group>"; };
		6796CBDE1B555B5300D76FA2 /* UserRequest.swift */ = {isa = PBXFileReference; fileEncoding = 4; lastKnownFileType = sourcecode.swift; path = UserRequest.swift; sourceTree = "<group>"; };
		6796CBE01B555DD700D76FA2 /* BodyParameters.swift */ = {isa = PBXFileReference; fileEncoding = 4; lastKnownFileType = sourcecode.swift; path = BodyParameters.swift; sourceTree = "<group>"; };
		679CF4A31B54308200B20C09 /* Constants.swift */ = {isa = PBXFileReference; fileEncoding = 4; lastKnownFileType = sourcecode.swift; path = Constants.swift; sourceTree = "<group>"; };
		679CF4A51B5430BA00B20C09 /* Util.swift */ = {isa = PBXFileReference; fileEncoding = 4; lastKnownFileType = sourcecode.swift; path = Util.swift; sourceTree = "<group>"; };
		679CF4A91B54355400B20C09 /* fr */ = {isa = PBXFileReference; lastKnownFileType = text.plist.strings; name = fr; path = fr.lproj/Main.strings; sourceTree = "<group>"; };
		679CF4AA1B54355400B20C09 /* fr */ = {isa = PBXFileReference; lastKnownFileType = text.plist.strings; name = fr; path = fr.lproj/LaunchScreen.strings; sourceTree = "<group>"; };
		679CF4AC1B54358F00B20C09 /* en */ = {isa = PBXFileReference; lastKnownFileType = text.plist.strings; name = en; path = en.lproj/Localizable.strings; sourceTree = "<group>"; };
		679CF4AE1B5435E900B20C09 /* fr */ = {isa = PBXFileReference; lastKnownFileType = text.plist.strings; name = fr; path = fr.lproj/Localizable.strings; sourceTree = "<group>"; };
		679CF4AF1B5436D200B20C09 /* HomeViewController.swift */ = {isa = PBXFileReference; fileEncoding = 4; lastKnownFileType = sourcecode.swift; path = HomeViewController.swift; sourceTree = "<group>"; };
		67A931051B53E7A400D497B6 /* ShopmiumApp.app */ = {isa = PBXFileReference; explicitFileType = wrapper.application; includeInIndex = 0; path = ShopmiumApp.app; sourceTree = BUILT_PRODUCTS_DIR; };
		67A931091B53E7A400D497B6 /* Info.plist */ = {isa = PBXFileReference; lastKnownFileType = text.plist.xml; path = Info.plist; sourceTree = "<group>"; };
		67A9310A1B53E7A400D497B6 /* AppDelegate.swift */ = {isa = PBXFileReference; lastKnownFileType = sourcecode.swift; path = AppDelegate.swift; sourceTree = "<group>"; };
		67A9310F1B53E7A400D497B6 /* Base */ = {isa = PBXFileReference; lastKnownFileType = file.storyboard; name = Base; path = Base.lproj/Main.storyboard; sourceTree = "<group>"; };
		67A931111B53E7A400D497B6 /* Images.xcassets */ = {isa = PBXFileReference; lastKnownFileType = folder.assetcatalog; path = Images.xcassets; sourceTree = "<group>"; };
		67A931141B53E7A400D497B6 /* Base */ = {isa = PBXFileReference; lastKnownFileType = file.xib; name = Base; path = Base.lproj/LaunchScreen.xib; sourceTree = "<group>"; };
		67A9311A1B53E7A400D497B6 /* ShopmiumAppTests.xctest */ = {isa = PBXFileReference; explicitFileType = wrapper.cfbundle; includeInIndex = 0; path = ShopmiumAppTests.xctest; sourceTree = BUILT_PRODUCTS_DIR; };
		67A9311F1B53E7A400D497B6 /* Info.plist */ = {isa = PBXFileReference; lastKnownFileType = text.plist.xml; path = Info.plist; sourceTree = "<group>"; };
		67A931201B53E7A400D497B6 /* ShopmiumAppTests.swift */ = {isa = PBXFileReference; lastKnownFileType = sourcecode.swift; path = ShopmiumAppTests.swift; sourceTree = "<group>"; };
		67B485E51B59428B0037F585 /* FormValidator.swift */ = {isa = PBXFileReference; fileEncoding = 4; lastKnownFileType = sourcecode.swift; path = FormValidator.swift; sourceTree = "<group>"; };
		B57B15E68C41ACDA26DA2F60 /* libPods.a */ = {isa = PBXFileReference; explicitFileType = archive.ar; includeInIndex = 0; path = libPods.a; sourceTree = BUILT_PRODUCTS_DIR; };
/* End PBXFileReference section */

/* Begin PBXFrameworksBuildPhase section */
		67A931021B53E7A400D497B6 /* Frameworks */ = {
			isa = PBXFrameworksBuildPhase;
			buildActionMask = 2147483647;
			files = (
				31E5B6AADEC56FD7E8F9CBE6 /* libPods.a in Frameworks */,
			);
			runOnlyForDeploymentPostprocessing = 0;
		};
		67A931171B53E7A400D497B6 /* Frameworks */ = {
			isa = PBXFrameworksBuildPhase;
			buildActionMask = 2147483647;
			files = (
			);
			runOnlyForDeploymentPostprocessing = 0;
		};
/* End PBXFrameworksBuildPhase section */

/* Begin PBXGroup section */
		6794F1851B5D9336003EF74F /* TableViewCells */ = {
			isa = PBXGroup;
			children = (
				6794F1861B5D9361003EF74F /* OptionMenuCell.swift */,
				6794F18A1B5D97AC003EF74F /* UserProfileMenuCell.swift */,
			);
			name = TableViewCells;
			path = ..;
			sourceTree = "<group>";
		};
		6796CBCE1B551B8700D76FA2 /* Enums */ = {
			isa = PBXGroup;
			children = (
				6796CBCF1B551BB300D76FA2 /* ViewControllerIdentifiers.swift */,
				6796CBD61B55206E00D76FA2 /* SegueIdentifiers.swift */,
				6796CBE01B555DD700D76FA2 /* BodyParameters.swift */,
				6794F1881B5D969D003EF74F /* CellIdentifiers.swift */,
			);
			name = Enums;
			sourceTree = "<group>";
		};
		6796CBD11B551CC600D76FA2 /* Extensions */ = {
			isa = PBXGroup;
			children = (
				6796CBD21B551CE000D76FA2 /* View.swift */,
				67B485E51B59428B0037F585 /* FormValidator.swift */,
				675000311B5C0C0000FC54D8 /* ViewController.swift */,
			);
			name = Extensions;
			sourceTree = "<group>";
		};
		6796CBD81B55554200D76FA2 /* Alamofire */ = {
			isa = PBXGroup;
			children = (
				6796CBD91B55555F00D76FA2 /* Alamofire.swift */,
			);
			name = Alamofire;
			sourceTree = "<group>";
		};
		6796CBDB1B55561700D76FA2 /* Requests */ = {
			isa = PBXGroup;
			children = (
				6796CBDC1B55562F00D76FA2 /* ApiRequest.swift */,
				6796CBDE1B555B5300D76FA2 /* UserRequest.swift */,
			);
			name = Requests;
			sourceTree = "<group>";
		};
		679CF4A01B542E0D00B20C09 /* ViewControllers */ = {
			isa = PBXGroup;
			children = (
				679CF4AF1B5436D200B20C09 /* HomeViewController.swift */,
				6796CBD41B551F5600D76FA2 /* SignUpViewController.swift */,
				6750002B1B5BFE9700FC54D8 /* OnBoardViewController.swift */,
				6750002D1B5C08F900FC54D8 /* RootMenuContainerViewController.swift */,
				6750002F1B5C0A0F00FC54D8 /* LeftMenuViewController.swift */,
			);
			name = ViewControllers;
			sourceTree = "<group>";
		};
		679CF4A11B542E4F00B20C09 /* Resources */ = {
			isa = PBXGroup;
			children = (
				67A9310E1B53E7A400D497B6 /* Main.storyboard */,
				67A931131B53E7A400D497B6 /* LaunchScreen.xib */,
				67A931111B53E7A400D497B6 /* Images.xcassets */,
				6794F1811B5D8B13003EF74F /* UserProfileMenuCell.xib */,
				6794F1831B5D90F8003EF74F /* OptionMenuCell.xib */,
			);
			name = Resources;
			sourceTree = "<group>";
		};
		679CF4A21B54306400B20C09 /* Utils */ = {
			isa = PBXGroup;
			children = (
				679CF4A31B54308200B20C09 /* Constants.swift */,
				679CF4A51B5430BA00B20C09 /* Util.swift */,
			);
			name = Utils;
			sourceTree = "<group>";
		};
		67A930FC1B53E7A400D497B6 = {
			isa = PBXGroup;
			children = (
				67A931071B53E7A400D497B6 /* ShopmiumApp */,
				67A9311D1B53E7A400D497B6 /* ShopmiumAppTests */,
				67A931061B53E7A400D497B6 /* Products */,
				BF8A25A24E232B77D0477FDD /* Pods */,
				9C8BB1D01C1CA64CD694FDD2 /* Frameworks */,
			);
			sourceTree = "<group>";
		};
		67A931061B53E7A400D497B6 /* Products */ = {
			isa = PBXGroup;
			children = (
				67A931051B53E7A400D497B6 /* ShopmiumApp.app */,
				67A9311A1B53E7A400D497B6 /* ShopmiumAppTests.xctest */,
			);
			name = Products;
			sourceTree = "<group>";
		};
		67A931071B53E7A400D497B6 /* ShopmiumApp */ = {
			isa = PBXGroup;
			children = (
				67A9310A1B53E7A400D497B6 /* AppDelegate.swift */,
				6796CBD81B55554200D76FA2 /* Alamofire */,
				6796CBCE1B551B8700D76FA2 /* Enums */,
				6796CBD11B551CC600D76FA2 /* Extensions */,
				6796CBDB1B55561700D76FA2 /* Requests */,
				679CF4A11B542E4F00B20C09 /* Resources */,
				67A931081B53E7A400D497B6 /* Supporting Files */,
				6794F1851B5D9336003EF74F /* TableViewCells */,
				679CF4A01B542E0D00B20C09 /* ViewControllers */,
				679CF4A21B54306400B20C09 /* Utils */,
			);
			path = ShopmiumApp;
			sourceTree = "<group>";
		};
		67A931081B53E7A400D497B6 /* Supporting Files */ = {
			isa = PBXGroup;
			children = (
				67A931091B53E7A400D497B6 /* Info.plist */,
				679CF4AD1B54358F00B20C09 /* Localizable.strings */,
			);
			name = "Supporting Files";
			sourceTree = "<group>";
		};
		67A9311D1B53E7A400D497B6 /* ShopmiumAppTests */ = {
			isa = PBXGroup;
			children = (
				67A931201B53E7A400D497B6 /* ShopmiumAppTests.swift */,
				67A9311E1B53E7A400D497B6 /* Supporting Files */,
			);
			path = ShopmiumAppTests;
			sourceTree = "<group>";
		};
		67A9311E1B53E7A400D497B6 /* Supporting Files */ = {
			isa = PBXGroup;
			children = (
				67A9311F1B53E7A400D497B6 /* Info.plist */,
			);
			name = "Supporting Files";
			sourceTree = "<group>";
		};
		9C8BB1D01C1CA64CD694FDD2 /* Frameworks */ = {
			isa = PBXGroup;
			children = (
				B57B15E68C41ACDA26DA2F60 /* libPods.a */,
			);
			name = Frameworks;
			sourceTree = "<group>";
		};
		BF8A25A24E232B77D0477FDD /* Pods */ = {
			isa = PBXGroup;
			children = (
				372E260517086C88CCF3479E /* Pods.debug.xcconfig */,
				485F25E62E53AFD9BD2ED26F /* Pods.release.xcconfig */,
			);
			name = Pods;
			sourceTree = "<group>";
		};
/* End PBXGroup section */

/* Begin PBXNativeTarget section */
		67A931041B53E7A400D497B6 /* ShopmiumApp */ = {
			isa = PBXNativeTarget;
			buildConfigurationList = 67A931241B53E7A400D497B6 /* Build configuration list for PBXNativeTarget "ShopmiumApp" */;
			buildPhases = (
				EE076AD84AD8E8707B9176C0 /* Check Pods Manifest.lock */,
				67A931011B53E7A400D497B6 /* Sources */,
				67A931021B53E7A400D497B6 /* Frameworks */,
				67A931031B53E7A400D497B6 /* Resources */,
				A1C6E4DEED6563126E7AE7EE /* Copy Pods Resources */,
			);
			buildRules = (
			);
			dependencies = (
			);
			name = ShopmiumApp;
			productName = ShopmiumApp;
			productReference = 67A931051B53E7A400D497B6 /* ShopmiumApp.app */;
			productType = "com.apple.product-type.application";
		};
		67A931191B53E7A400D497B6 /* ShopmiumAppTests */ = {
			isa = PBXNativeTarget;
			buildConfigurationList = 67A931271B53E7A400D497B6 /* Build configuration list for PBXNativeTarget "ShopmiumAppTests" */;
			buildPhases = (
				67A931161B53E7A400D497B6 /* Sources */,
				67A931171B53E7A400D497B6 /* Frameworks */,
				67A931181B53E7A400D497B6 /* Resources */,
			);
			buildRules = (
			);
			dependencies = (
				67A9311C1B53E7A400D497B6 /* PBXTargetDependency */,
			);
			name = ShopmiumAppTests;
			productName = ShopmiumAppTests;
			productReference = 67A9311A1B53E7A400D497B6 /* ShopmiumAppTests.xctest */;
			productType = "com.apple.product-type.bundle.unit-test";
		};
/* End PBXNativeTarget section */

/* Begin PBXProject section */
		67A930FD1B53E7A400D497B6 /* Project object */ = {
			isa = PBXProject;
			attributes = {
				LastUpgradeCheck = 0640;
				ORGANIZATIONNAME = shopmium;
				TargetAttributes = {
					67A931041B53E7A400D497B6 = {
						CreatedOnToolsVersion = 6.4;
					};
					67A931191B53E7A400D497B6 = {
						CreatedOnToolsVersion = 6.4;
						TestTargetID = 67A931041B53E7A400D497B6;
					};
				};
			};
			buildConfigurationList = 67A931001B53E7A400D497B6 /* Build configuration list for PBXProject "ShopmiumApp" */;
			compatibilityVersion = "Xcode 3.2";
			developmentRegion = English;
			hasScannedForEncodings = 0;
			knownRegions = (
				en,
				Base,
				fr,
			);
			mainGroup = 67A930FC1B53E7A400D497B6;
			productRefGroup = 67A931061B53E7A400D497B6 /* Products */;
			projectDirPath = "";
			projectRoot = "";
			targets = (
				67A931041B53E7A400D497B6 /* ShopmiumApp */,
				67A931191B53E7A400D497B6 /* ShopmiumAppTests */,
			);
		};
/* End PBXProject section */

/* Begin PBXResourcesBuildPhase section */
		67A931031B53E7A400D497B6 /* Resources */ = {
			isa = PBXResourcesBuildPhase;
			buildActionMask = 2147483647;
			files = (
				67A931101B53E7A400D497B6 /* Main.storyboard in Resources */,
				6794F1841B5D90F8003EF74F /* OptionMenuCell.xib in Resources */,
				679CF4AB1B54358F00B20C09 /* Localizable.strings in Resources */,
				67A931151B53E7A400D497B6 /* LaunchScreen.xib in Resources */,
				67A931121B53E7A400D497B6 /* Images.xcassets in Resources */,
				6794F1821B5D8B13003EF74F /* UserProfileMenuCell.xib in Resources */,
			);
			runOnlyForDeploymentPostprocessing = 0;
		};
		67A931181B53E7A400D497B6 /* Resources */ = {
			isa = PBXResourcesBuildPhase;
			buildActionMask = 2147483647;
			files = (
			);
			runOnlyForDeploymentPostprocessing = 0;
		};
/* End PBXResourcesBuildPhase section */

/* Begin PBXShellScriptBuildPhase section */
		A1C6E4DEED6563126E7AE7EE /* Copy Pods Resources */ = {
			isa = PBXShellScriptBuildPhase;
			buildActionMask = 2147483647;
			files = (
			);
			inputPaths = (
			);
			name = "Copy Pods Resources";
			outputPaths = (
			);
			runOnlyForDeploymentPostprocessing = 0;
			shellPath = /bin/sh;
			shellScript = "\"${SRCROOT}/Pods/Target Support Files/Pods/Pods-resources.sh\"\n";
			showEnvVarsInLog = 0;
		};
		EE076AD84AD8E8707B9176C0 /* Check Pods Manifest.lock */ = {
			isa = PBXShellScriptBuildPhase;
			buildActionMask = 2147483647;
			files = (
			);
			inputPaths = (
			);
			name = "Check Pods Manifest.lock";
			outputPaths = (
			);
			runOnlyForDeploymentPostprocessing = 0;
			shellPath = /bin/sh;
			shellScript = "diff \"${PODS_ROOT}/../Podfile.lock\" \"${PODS_ROOT}/Manifest.lock\" > /dev/null\nif [[ $? != 0 ]] ; then\n    cat << EOM\nerror: The sandbox is not in sync with the Podfile.lock. Run 'pod install' or update your CocoaPods installation.\nEOM\n    exit 1\nfi\n";
			showEnvVarsInLog = 0;
		};
/* End PBXShellScriptBuildPhase section */

/* Begin PBXSourcesBuildPhase section */
		67A931011B53E7A400D497B6 /* Sources */ = {
			isa = PBXSourcesBuildPhase;
			buildActionMask = 2147483647;
			files = (
				6796CBD71B55206E00D76FA2 /* SegueIdentifiers.swift in Sources */,
				6794F18B1B5D97AC003EF74F /* UserProfileMenuCell.swift in Sources */,
				67B485E61B59428B0037F585 /* FormValidator.swift in Sources */,
				67A9310B1B53E7A400D497B6 /* AppDelegate.swift in Sources */,
				6796CBDF1B555B5300D76FA2 /* UserRequest.swift in Sources */,
				6796CBD51B551F5600D76FA2 /* SignUpViewController.swift in Sources */,
				679CF4A61B5430BA00B20C09 /* Util.swift in Sources */,
				6794F1891B5D969D003EF74F /* CellIdentifiers.swift in Sources */,
				675000301B5C0A0F00FC54D8 /* LeftMenuViewController.swift in Sources */,
				6750002C1B5BFE9700FC54D8 /* OnBoardViewController.swift in Sources */,
				6750002E1B5C08F900FC54D8 /* RootMenuContainerViewController.swift in Sources */,
				675000321B5C0C0000FC54D8 /* ViewController.swift in Sources */,
				6796CBE11B555DD700D76FA2 /* BodyParameters.swift in Sources */,
				6796CBD31B551CE000D76FA2 /* View.swift in Sources */,
				6796CBD01B551BB300D76FA2 /* ViewControllerIdentifiers.swift in Sources */,
				6794F1871B5D9361003EF74F /* OptionMenuCell.swift in Sources */,
				6796CBDA1B55555F00D76FA2 /* Alamofire.swift in Sources */,
				679CF4B01B5436D200B20C09 /* HomeViewController.swift in Sources */,
				6796CBDD1B55562F00D76FA2 /* ApiRequest.swift in Sources */,
				679CF4A41B54308200B20C09 /* Constants.swift in Sources */,
			);
			runOnlyForDeploymentPostprocessing = 0;
		};
		67A931161B53E7A400D497B6 /* Sources */ = {
			isa = PBXSourcesBuildPhase;
			buildActionMask = 2147483647;
			files = (
				67A931211B53E7A400D497B6 /* ShopmiumAppTests.swift in Sources */,
			);
			runOnlyForDeploymentPostprocessing = 0;
		};
/* End PBXSourcesBuildPhase section */

/* Begin PBXTargetDependency section */
		67A9311C1B53E7A400D497B6 /* PBXTargetDependency */ = {
			isa = PBXTargetDependency;
			target = 67A931041B53E7A400D497B6 /* ShopmiumApp */;
			targetProxy = 67A9311B1B53E7A400D497B6 /* PBXContainerItemProxy */;
		};
/* End PBXTargetDependency section */

/* Begin PBXVariantGroup section */
		679CF4AD1B54358F00B20C09 /* Localizable.strings */ = {
			isa = PBXVariantGroup;
			children = (
				679CF4AC1B54358F00B20C09 /* en */,
				679CF4AE1B5435E900B20C09 /* fr */,
			);
			name = Localizable.strings;
			sourceTree = "<group>";
		};
		67A9310E1B53E7A400D497B6 /* Main.storyboard */ = {
			isa = PBXVariantGroup;
			children = (
				67A9310F1B53E7A400D497B6 /* Base */,
				679CF4A91B54355400B20C09 /* fr */,
			);
			name = Main.storyboard;
			sourceTree = "<group>";
		};
		67A931131B53E7A400D497B6 /* LaunchScreen.xib */ = {
			isa = PBXVariantGroup;
			children = (
				67A931141B53E7A400D497B6 /* Base */,
				679CF4AA1B54355400B20C09 /* fr */,
			);
			name = LaunchScreen.xib;
			sourceTree = "<group>";
		};
/* End PBXVariantGroup section */

/* Begin XCBuildConfiguration section */
		67A931221B53E7A400D497B6 /* Debug */ = {
			isa = XCBuildConfiguration;
			buildSettings = {
				ALWAYS_SEARCH_USER_PATHS = NO;
				CLANG_CXX_LANGUAGE_STANDARD = "gnu++0x";
				CLANG_CXX_LIBRARY = "libc++";
				CLANG_ENABLE_MODULES = YES;
				CLANG_ENABLE_OBJC_ARC = YES;
				CLANG_WARN_BOOL_CONVERSION = YES;
				CLANG_WARN_CONSTANT_CONVERSION = YES;
				CLANG_WARN_DIRECT_OBJC_ISA_USAGE = YES_ERROR;
				CLANG_WARN_EMPTY_BODY = YES;
				CLANG_WARN_ENUM_CONVERSION = YES;
				CLANG_WARN_INT_CONVERSION = YES;
				CLANG_WARN_OBJC_ROOT_CLASS = YES_ERROR;
				CLANG_WARN_UNREACHABLE_CODE = YES;
				CLANG_WARN__DUPLICATE_METHOD_MATCH = YES;
				"CODE_SIGN_IDENTITY[sdk=iphoneos*]" = "iPhone Developer";
				COPY_PHASE_STRIP = NO;
				DEBUG_INFORMATION_FORMAT = "dwarf-with-dsym";
				ENABLE_STRICT_OBJC_MSGSEND = YES;
				GCC_C_LANGUAGE_STANDARD = gnu99;
				GCC_DYNAMIC_NO_PIC = NO;
				GCC_NO_COMMON_BLOCKS = YES;
				GCC_OPTIMIZATION_LEVEL = 0;
				GCC_PREPROCESSOR_DEFINITIONS = (
					"DEBUG=1",
					"$(inherited)",
				);
				GCC_SYMBOLS_PRIVATE_EXTERN = NO;
				GCC_WARN_64_TO_32_BIT_CONVERSION = YES;
				GCC_WARN_ABOUT_RETURN_TYPE = YES_ERROR;
				GCC_WARN_UNDECLARED_SELECTOR = YES;
				GCC_WARN_UNINITIALIZED_AUTOS = YES_AGGRESSIVE;
				GCC_WARN_UNUSED_FUNCTION = YES;
				GCC_WARN_UNUSED_VARIABLE = YES;
				IPHONEOS_DEPLOYMENT_TARGET = 7.0;
				MTL_ENABLE_DEBUG_INFO = YES;
				ONLY_ACTIVE_ARCH = YES;
				SDKROOT = iphoneos;
				SWIFT_OPTIMIZATION_LEVEL = "-Onone";
				TARGETED_DEVICE_FAMILY = "1,2";
			};
			name = Debug;
		};
		67A931231B53E7A400D497B6 /* Release */ = {
			isa = XCBuildConfiguration;
			buildSettings = {
				ALWAYS_SEARCH_USER_PATHS = NO;
				CLANG_CXX_LANGUAGE_STANDARD = "gnu++0x";
				CLANG_CXX_LIBRARY = "libc++";
				CLANG_ENABLE_MODULES = YES;
				CLANG_ENABLE_OBJC_ARC = YES;
				CLANG_WARN_BOOL_CONVERSION = YES;
				CLANG_WARN_CONSTANT_CONVERSION = YES;
				CLANG_WARN_DIRECT_OBJC_ISA_USAGE = YES_ERROR;
				CLANG_WARN_EMPTY_BODY = YES;
				CLANG_WARN_ENUM_CONVERSION = YES;
				CLANG_WARN_INT_CONVERSION = YES;
				CLANG_WARN_OBJC_ROOT_CLASS = YES_ERROR;
				CLANG_WARN_UNREACHABLE_CODE = YES;
				CLANG_WARN__DUPLICATE_METHOD_MATCH = YES;
				"CODE_SIGN_IDENTITY[sdk=iphoneos*]" = "iPhone Developer";
				COPY_PHASE_STRIP = NO;
				DEBUG_INFORMATION_FORMAT = "dwarf-with-dsym";
				ENABLE_NS_ASSERTIONS = NO;
				ENABLE_STRICT_OBJC_MSGSEND = YES;
				GCC_C_LANGUAGE_STANDARD = gnu99;
				GCC_NO_COMMON_BLOCKS = YES;
				GCC_WARN_64_TO_32_BIT_CONVERSION = YES;
				GCC_WARN_ABOUT_RETURN_TYPE = YES_ERROR;
				GCC_WARN_UNDECLARED_SELECTOR = YES;
				GCC_WARN_UNINITIALIZED_AUTOS = YES_AGGRESSIVE;
				GCC_WARN_UNUSED_FUNCTION = YES;
				GCC_WARN_UNUSED_VARIABLE = YES;
				IPHONEOS_DEPLOYMENT_TARGET = 7.0;
				MTL_ENABLE_DEBUG_INFO = NO;
				SDKROOT = iphoneos;
				TARGETED_DEVICE_FAMILY = "1,2";
				VALIDATE_PRODUCT = YES;
			};
			name = Release;
		};
		67A931251B53E7A400D497B6 /* Debug */ = {
			isa = XCBuildConfiguration;
			baseConfigurationReference = 372E260517086C88CCF3479E /* Pods.debug.xcconfig */;
			buildSettings = {
				ASSETCATALOG_COMPILER_APPICON_NAME = AppIcon;
				ASSETCATALOG_COMPILER_LAUNCHIMAGE_NAME = LaunchImage;
				INFOPLIST_FILE = ShopmiumApp/Info.plist;
				IPHONEOS_DEPLOYMENT_TARGET = 7.0;
				LD_RUNPATH_SEARCH_PATHS = "$(inherited) @executable_path/Frameworks";
				PRODUCT_NAME = "$(TARGET_NAME)";
			};
			name = Debug;
		};
		67A931261B53E7A400D497B6 /* Release */ = {
			isa = XCBuildConfiguration;
			baseConfigurationReference = 485F25E62E53AFD9BD2ED26F /* Pods.release.xcconfig */;
			buildSettings = {
				ASSETCATALOG_COMPILER_APPICON_NAME = AppIcon;
				ASSETCATALOG_COMPILER_LAUNCHIMAGE_NAME = LaunchImage;
				INFOPLIST_FILE = ShopmiumApp/Info.plist;
				IPHONEOS_DEPLOYMENT_TARGET = 7.0;
				LD_RUNPATH_SEARCH_PATHS = "$(inherited) @executable_path/Frameworks";
				PRODUCT_NAME = "$(TARGET_NAME)";
			};
			name = Release;
		};
		67A931281B53E7A400D497B6 /* Debug */ = {
			isa = XCBuildConfiguration;
			buildSettings = {
				BUNDLE_LOADER = "$(TEST_HOST)";
				FRAMEWORK_SEARCH_PATHS = (
					"$(SDKROOT)/Developer/Library/Frameworks",
					"$(inherited)",
				);
				GCC_PREPROCESSOR_DEFINITIONS = (
					"DEBUG=1",
					"$(inherited)",
				);
				INFOPLIST_FILE = ShopmiumAppTests/Info.plist;
				LD_RUNPATH_SEARCH_PATHS = "$(inherited) @executable_path/Frameworks @loader_path/Frameworks";
				PRODUCT_NAME = "$(TARGET_NAME)";
				TEST_HOST = "$(BUILT_PRODUCTS_DIR)/ShopmiumApp.app/ShopmiumApp";
			};
			name = Debug;
		};
		67A931291B53E7A400D497B6 /* Release */ = {
			isa = XCBuildConfiguration;
			buildSettings = {
				BUNDLE_LOADER = "$(TEST_HOST)";
				FRAMEWORK_SEARCH_PATHS = (
					"$(SDKROOT)/Developer/Library/Frameworks",
					"$(inherited)",
				);
				INFOPLIST_FILE = ShopmiumAppTests/Info.plist;
				LD_RUNPATH_SEARCH_PATHS = "$(inherited) @executable_path/Frameworks @loader_path/Frameworks";
				PRODUCT_NAME = "$(TARGET_NAME)";
				TEST_HOST = "$(BUILT_PRODUCTS_DIR)/ShopmiumApp.app/ShopmiumApp";
			};
			name = Release;
		};
/* End XCBuildConfiguration section */

/* Begin XCConfigurationList section */
		67A931001B53E7A400D497B6 /* Build configuration list for PBXProject "ShopmiumApp" */ = {
			isa = XCConfigurationList;
			buildConfigurations = (
				67A931221B53E7A400D497B6 /* Debug */,
				67A931231B53E7A400D497B6 /* Release */,
			);
			defaultConfigurationIsVisible = 0;
			defaultConfigurationName = Release;
		};
		67A931241B53E7A400D497B6 /* Build configuration list for PBXNativeTarget "ShopmiumApp" */ = {
			isa = XCConfigurationList;
			buildConfigurations = (
				67A931251B53E7A400D497B6 /* Debug */,
				67A931261B53E7A400D497B6 /* Release */,
			);
			defaultConfigurationIsVisible = 0;
			defaultConfigurationName = Release;
		};
		67A931271B53E7A400D497B6 /* Build configuration list for PBXNativeTarget "ShopmiumAppTests" */ = {
			isa = XCConfigurationList;
			buildConfigurations = (
				67A931281B53E7A400D497B6 /* Debug */,
				67A931291B53E7A400D497B6 /* Release */,
			);
			defaultConfigurationIsVisible = 0;
			defaultConfigurationName = Release;
		};
/* End XCConfigurationList section */
	};
	rootObject = 67A930FD1B53E7A400D497B6 /* Project object */;
}
